// !$*UTF8*$!
{
	archiveVersion = 1;
	classes = {
	};
	objectVersion = 56;
	objects = {

/* Begin PBXBuildFile section */
		E72706862999610200450B0A /* AppDelegate.swift in Sources */ = {isa = PBXBuildFile; fileRef = E72706852999610200450B0A /* AppDelegate.swift */; };
		E72706882999610200450B0A /* SceneDelegate.swift in Sources */ = {isa = PBXBuildFile; fileRef = E72706872999610200450B0A /* SceneDelegate.swift */; };
		E727068A2999610200450B0A /* TaskListViewController.swift in Sources */ = {isa = PBXBuildFile; fileRef = E72706892999610200450B0A /* TaskListViewController.swift */; };
		E727068D2999610200450B0A /* Main.storyboard in Resources */ = {isa = PBXBuildFile; fileRef = E727068B2999610200450B0A /* Main.storyboard */; };
		E727068F2999610400450B0A /* Assets.xcassets in Resources */ = {isa = PBXBuildFile; fileRef = E727068E2999610400450B0A /* Assets.xcassets */; };
		E72706922999610400450B0A /* LaunchScreen.storyboard in Resources */ = {isa = PBXBuildFile; fileRef = E72706902999610400450B0A /* LaunchScreen.storyboard */; };
		E727069A2999660F00450B0A /* TaskManager.swift in Sources */ = {isa = PBXBuildFile; fileRef = E72706992999660F00450B0A /* TaskManager.swift */; };
		E727069C2999676B00450B0A /* TaskTableViewCell.swift in Sources */ = {isa = PBXBuildFile; fileRef = E727069B2999676B00450B0A /* TaskTableViewCell.swift */; };
		E727069E299977A800450B0A /* TaskTableViewCell.xib in Resources */ = {isa = PBXBuildFile; fileRef = E727069D299977A800450B0A /* TaskTableViewCell.xib */; };
		E7912F3C299D7D0200B5ADBC /* TaskManagerDecorator.swift in Sources */ = {isa = PBXBuildFile; fileRef = E7912F3B299D7D0200B5ADBC /* TaskManagerDecorator.swift */; };
		E792A4EA299EB45600BE8974 /* GroupedTaskManagerAdapter.swift in Sources */ = {isa = PBXBuildFile; fileRef = E792A4E9299EB45600BE8974 /* GroupedTaskManagerAdapter.swift */; };
		E792A4EC29A20FAF00BE8974 /* TaskListPresenter.swift in Sources */ = {isa = PBXBuildFile; fileRef = E792A4EB29A20FAF00BE8974 /* TaskListPresenter.swift */; };
		E792A4EE29A2453900BE8974 /* ModuleBuilder.swift in Sources */ = {isa = PBXBuildFile; fileRef = E792A4ED29A2453900BE8974 /* ModuleBuilder.swift */; };
		E792A4F029A24B5B00BE8974 /* TaskListViewController.xib in Resources */ = {isa = PBXBuildFile; fileRef = E792A4EF29A24B5B00BE8974 /* TaskListViewController.xib */; };
		E794DE9B299D34B200F980AC /* Task.swift in Sources */ = {isa = PBXBuildFile; fileRef = E794DE9A299D34B200F980AC /* Task.swift */; };
		E79CF139299D4A6700B41BE8 /* TasksRepository.swift in Sources */ = {isa = PBXBuildFile; fileRef = E79CF138299D4A6700B41BE8 /* TasksRepository.swift */; };
		E7BDD47C29A262B7005E02B8 /* TaskListViewData.swift in Sources */ = {isa = PBXBuildFile; fileRef = E7BDD47B29A262B7005E02B8 /* TaskListViewData.swift */; };
/* End PBXBuildFile section */

/* Begin PBXFileReference section */
		E72706822999610200450B0A /* TodoList.app */ = {isa = PBXFileReference; explicitFileType = wrapper.application; includeInIndex = 0; path = TodoList.app; sourceTree = BUILT_PRODUCTS_DIR; };
		E72706852999610200450B0A /* AppDelegate.swift */ = {isa = PBXFileReference; lastKnownFileType = sourcecode.swift; path = AppDelegate.swift; sourceTree = "<group>"; };
		E72706872999610200450B0A /* SceneDelegate.swift */ = {isa = PBXFileReference; lastKnownFileType = sourcecode.swift; path = SceneDelegate.swift; sourceTree = "<group>"; };
		E72706892999610200450B0A /* TaskListViewController.swift */ = {isa = PBXFileReference; lastKnownFileType = sourcecode.swift; path = TaskListViewController.swift; sourceTree = "<group>"; };
		E727068C2999610200450B0A /* Base */ = {isa = PBXFileReference; lastKnownFileType = file.storyboard; name = Base; path = Base.lproj/Main.storyboard; sourceTree = "<group>"; };
		E727068E2999610400450B0A /* Assets.xcassets */ = {isa = PBXFileReference; lastKnownFileType = folder.assetcatalog; path = Assets.xcassets; sourceTree = "<group>"; };
		E72706912999610400450B0A /* Base */ = {isa = PBXFileReference; lastKnownFileType = file.storyboard; name = Base; path = Base.lproj/LaunchScreen.storyboard; sourceTree = "<group>"; };
		E72706932999610400450B0A /* Info.plist */ = {isa = PBXFileReference; lastKnownFileType = text.plist.xml; path = Info.plist; sourceTree = "<group>"; };
		E72706992999660F00450B0A /* TaskManager.swift */ = {isa = PBXFileReference; lastKnownFileType = sourcecode.swift; path = TaskManager.swift; sourceTree = "<group>"; };
		E727069B2999676B00450B0A /* TaskTableViewCell.swift */ = {isa = PBXFileReference; lastKnownFileType = sourcecode.swift; path = TaskTableViewCell.swift; sourceTree = "<group>"; };
		E727069D299977A800450B0A /* TaskTableViewCell.xib */ = {isa = PBXFileReference; lastKnownFileType = file.xib; path = TaskTableViewCell.xib; sourceTree = "<group>"; };
		E7912F3B299D7D0200B5ADBC /* TaskManagerDecorator.swift */ = {isa = PBXFileReference; lastKnownFileType = sourcecode.swift; path = TaskManagerDecorator.swift; sourceTree = "<group>"; };
		E792A4E9299EB45600BE8974 /* GroupedTaskManagerAdapter.swift */ = {isa = PBXFileReference; lastKnownFileType = sourcecode.swift; path = GroupedTaskManagerAdapter.swift; sourceTree = "<group>"; };
		E792A4EB29A20FAF00BE8974 /* TaskListPresenter.swift */ = {isa = PBXFileReference; lastKnownFileType = sourcecode.swift; path = TaskListPresenter.swift; sourceTree = "<group>"; };
		E792A4ED29A2453900BE8974 /* ModuleBuilder.swift */ = {isa = PBXFileReference; lastKnownFileType = sourcecode.swift; path = ModuleBuilder.swift; sourceTree = "<group>"; };
		E792A4EF29A24B5B00BE8974 /* TaskListViewController.xib */ = {isa = PBXFileReference; lastKnownFileType = file.xib; path = TaskListViewController.xib; sourceTree = "<group>"; };
		E794DE9A299D34B200F980AC /* Task.swift */ = {isa = PBXFileReference; lastKnownFileType = sourcecode.swift; path = Task.swift; sourceTree = "<group>"; };
		E79CF138299D4A6700B41BE8 /* TasksRepository.swift */ = {isa = PBXFileReference; lastKnownFileType = sourcecode.swift; path = TasksRepository.swift; sourceTree = "<group>"; };
		E7BDD47B29A262B7005E02B8 /* TaskListViewData.swift */ = {isa = PBXFileReference; lastKnownFileType = sourcecode.swift; path = TaskListViewData.swift; sourceTree = "<group>"; };
/* End PBXFileReference section */

/* Begin PBXFrameworksBuildPhase section */
		E727067F2999610200450B0A /* Frameworks */ = {
			isa = PBXFrameworksBuildPhase;
			buildActionMask = 2147483647;
			files = (
			);
			runOnlyForDeploymentPostprocessing = 0;
		};
/* End PBXFrameworksBuildPhase section */

/* Begin PBXGroup section */
		E72706792999610200450B0A = {
			isa = PBXGroup;
			children = (
				E72706842999610200450B0A /* TodoList */,
				E72706832999610200450B0A /* Products */,
			);
			sourceTree = "<group>";
		};
		E72706832999610200450B0A /* Products */ = {
			isa = PBXGroup;
			children = (
				E72706822999610200450B0A /* TodoList.app */,
			);
			name = Products;
			sourceTree = "<group>";
		};
		E72706842999610200450B0A /* TodoList */ = {
			isa = PBXGroup;
			children = (
				E7912F38299D7C3400B5ADBC /* Application */,
				E794DE99299D33DA00F980AC /* Models */,
				E792A4F129A257C800BE8974 /* Modules */,
				E7BDD47D29A26334005E02B8 /* Repositories */,
				E7912F36299D7AD000B5ADBC /* Storyboards */,
				E7912F35299D7A0B00B5ADBC /* Resources */,
			);
			path = TodoList;
			sourceTree = "<group>";
		};
		E7912F35299D7A0B00B5ADBC /* Resources */ = {
			isa = PBXGroup;
			children = (
				E72706932999610400450B0A /* Info.plist */,
				E727068E2999610400450B0A /* Assets.xcassets */,
			);
			path = Resources;
			sourceTree = "<group>";
		};
		E7912F36299D7AD000B5ADBC /* Storyboards */ = {
			isa = PBXGroup;
			children = (
				E727068B2999610200450B0A /* Main.storyboard */,
				E72706902999610400450B0A /* LaunchScreen.storyboard */,
			);
			path = Storyboards;
			sourceTree = "<group>";
		};
		E7912F37299D7AE200B5ADBC /* View */ = {
			isa = PBXGroup;
			children = (
				E72706892999610200450B0A /* TaskListViewController.swift */,
				E792A4EF29A24B5B00BE8974 /* TaskListViewController.xib */,
				E7912F3A299D7CB100B5ADBC /* TaskTableViewCell */,
			);
			path = View;
			sourceTree = "<group>";
		};
		E7912F38299D7C3400B5ADBC /* Application */ = {
			isa = PBXGroup;
			children = (
				E72706852999610200450B0A /* AppDelegate.swift */,
				E72706872999610200450B0A /* SceneDelegate.swift */,
				E792A4ED29A2453900BE8974 /* ModuleBuilder.swift */,
			);
			path = Application;
			sourceTree = "<group>";
		};
		E7912F3A299D7CB100B5ADBC /* TaskTableViewCell */ = {
			isa = PBXGroup;
			children = (
				E727069B2999676B00450B0A /* TaskTableViewCell.swift */,
				E727069D299977A800450B0A /* TaskTableViewCell.xib */,
			);
			path = TaskTableViewCell;
			sourceTree = "<group>";
		};
		E792A4F129A257C800BE8974 /* Modules */ = {
			isa = PBXGroup;
			children = (
				E792A4F229A2582400BE8974 /* TaskList */,
			);
			path = Modules;
			sourceTree = "<group>";
		};
		E792A4F229A2582400BE8974 /* TaskList */ = {
			isa = PBXGroup;
			children = (
				E7BDD47A29A2629D005E02B8 /* Model */,
				E7912F37299D7AE200B5ADBC /* View */,
				E7BDD47929A26289005E02B8 /* Presenter */,
			);
			path = TaskList;
			sourceTree = "<group>";
		};
		E794DE99299D33DA00F980AC /* Models */ = {
			isa = PBXGroup;
			children = (
				E794DE9A299D34B200F980AC /* Task.swift */,
				E72706992999660F00450B0A /* TaskManager.swift */,
			);
			path = Models;
			sourceTree = "<group>";
		};
		E7BDD47929A26289005E02B8 /* Presenter */ = {
			isa = PBXGroup;
			children = (
				E792A4EB29A20FAF00BE8974 /* TaskListPresenter.swift */,
				E792A4E9299EB45600BE8974 /* GroupedTaskManagerAdapter.swift */,
				E7912F3B299D7D0200B5ADBC /* TaskManagerDecorator.swift */,
			);
			path = Presenter;
			sourceTree = "<group>";
		};
		E7BDD47A29A2629D005E02B8 /* Model */ = {
			isa = PBXGroup;
			children = (
				E7BDD47B29A262B7005E02B8 /* TaskListViewData.swift */,
			);
			path = Model;
			sourceTree = "<group>";
		};
		E7BDD47D29A26334005E02B8 /* Repositories */ = {
			isa = PBXGroup;
			children = (
				E79CF138299D4A6700B41BE8 /* TasksRepository.swift */,
			);
			path = Repositories;
			sourceTree = "<group>";
		};
/* End PBXGroup section */

/* Begin PBXNativeTarget section */
		E72706812999610200450B0A /* TodoList */ = {
			isa = PBXNativeTarget;
			buildConfigurationList = E72706962999610400450B0A /* Build configuration list for PBXNativeTarget "TodoList" */;
			buildPhases = (
				E727067E2999610200450B0A /* Sources */,
				E727067F2999610200450B0A /* Frameworks */,
				E72706802999610200450B0A /* Resources */,
			);
			buildRules = (
			);
			dependencies = (
			);
			name = TodoList;
			productName = TodoList;
			productReference = E72706822999610200450B0A /* TodoList.app */;
			productType = "com.apple.product-type.application";
		};
/* End PBXNativeTarget section */

/* Begin PBXProject section */
		E727067A2999610200450B0A /* Project object */ = {
			isa = PBXProject;
			attributes = {
				BuildIndependentTargetsInParallel = 1;
				LastSwiftUpdateCheck = 1420;
				LastUpgradeCheck = 1420;
				TargetAttributes = {
					E72706812999610200450B0A = {
						CreatedOnToolsVersion = 14.2;
					};
				};
			};
			buildConfigurationList = E727067D2999610200450B0A /* Build configuration list for PBXProject "TodoList" */;
			compatibilityVersion = "Xcode 14.0";
			developmentRegion = en;
			hasScannedForEncodings = 0;
			knownRegions = (
				en,
				Base,
			);
			mainGroup = E72706792999610200450B0A;
			productRefGroup = E72706832999610200450B0A /* Products */;
			projectDirPath = "";
			projectRoot = "";
			targets = (
				E72706812999610200450B0A /* TodoList */,
			);
		};
/* End PBXProject section */

/* Begin PBXResourcesBuildPhase section */
		E72706802999610200450B0A /* Resources */ = {
			isa = PBXResourcesBuildPhase;
			buildActionMask = 2147483647;
			files = (
				E727069E299977A800450B0A /* TaskTableViewCell.xib in Resources */,
				E72706922999610400450B0A /* LaunchScreen.storyboard in Resources */,
				E727068F2999610400450B0A /* Assets.xcassets in Resources */,
				E727068D2999610200450B0A /* Main.storyboard in Resources */,
				E792A4F029A24B5B00BE8974 /* TaskListViewController.xib in Resources */,
			);
			runOnlyForDeploymentPostprocessing = 0;
		};
/* End PBXResourcesBuildPhase section */

/* Begin PBXSourcesBuildPhase section */
		E727067E2999610200450B0A /* Sources */ = {
			isa = PBXSourcesBuildPhase;
			buildActionMask = 2147483647;
			files = (
				E792A4EA299EB45600BE8974 /* GroupedTaskManagerAdapter.swift in Sources */,
				E792A4EC29A20FAF00BE8974 /* TaskListPresenter.swift in Sources */,
				E727068A2999610200450B0A /* TaskListViewController.swift in Sources */,
				E72706862999610200450B0A /* AppDelegate.swift in Sources */,
				E792A4EE29A2453900BE8974 /* ModuleBuilder.swift in Sources */,
				E7BDD47C29A262B7005E02B8 /* TaskListViewData.swift in Sources */,
				E727069C2999676B00450B0A /* TaskTableViewCell.swift in Sources */,
				E727069A2999660F00450B0A /* TaskManager.swift in Sources */,
				E794DE9B299D34B200F980AC /* Task.swift in Sources */,
				E79CF139299D4A6700B41BE8 /* TasksRepository.swift in Sources */,
				E7912F3C299D7D0200B5ADBC /* TaskManagerDecorator.swift in Sources */,
				E72706882999610200450B0A /* SceneDelegate.swift in Sources */,
			);
			runOnlyForDeploymentPostprocessing = 0;
		};
/* End PBXSourcesBuildPhase section */

/* Begin PBXVariantGroup section */
		E727068B2999610200450B0A /* Main.storyboard */ = {
			isa = PBXVariantGroup;
			children = (
				E727068C2999610200450B0A /* Base */,
			);
			name = Main.storyboard;
			sourceTree = "<group>";
		};
		E72706902999610400450B0A /* LaunchScreen.storyboard */ = {
			isa = PBXVariantGroup;
			children = (
				E72706912999610400450B0A /* Base */,
			);
			name = LaunchScreen.storyboard;
			sourceTree = "<group>";
		};
/* End PBXVariantGroup section */

/* Begin XCBuildConfiguration section */
		E72706942999610400450B0A /* Debug */ = {
			isa = XCBuildConfiguration;
			buildSettings = {
				ALWAYS_SEARCH_USER_PATHS = NO;
				CLANG_ANALYZER_NONNULL = YES;
				CLANG_ANALYZER_NUMBER_OBJECT_CONVERSION = YES_AGGRESSIVE;
				CLANG_CXX_LANGUAGE_STANDARD = "gnu++20";
				CLANG_ENABLE_MODULES = YES;
				CLANG_ENABLE_OBJC_ARC = YES;
				CLANG_ENABLE_OBJC_WEAK = YES;
				CLANG_WARN_BLOCK_CAPTURE_AUTORELEASING = YES;
				CLANG_WARN_BOOL_CONVERSION = YES;
				CLANG_WARN_COMMA = YES;
				CLANG_WARN_CONSTANT_CONVERSION = YES;
				CLANG_WARN_DEPRECATED_OBJC_IMPLEMENTATIONS = YES;
				CLANG_WARN_DIRECT_OBJC_ISA_USAGE = YES_ERROR;
				CLANG_WARN_DOCUMENTATION_COMMENTS = YES;
				CLANG_WARN_EMPTY_BODY = YES;
				CLANG_WARN_ENUM_CONVERSION = YES;
				CLANG_WARN_INFINITE_RECURSION = YES;
				CLANG_WARN_INT_CONVERSION = YES;
				CLANG_WARN_NON_LITERAL_NULL_CONVERSION = YES;
				CLANG_WARN_OBJC_IMPLICIT_RETAIN_SELF = YES;
				CLANG_WARN_OBJC_LITERAL_CONVERSION = YES;
				CLANG_WARN_OBJC_ROOT_CLASS = YES_ERROR;
				CLANG_WARN_QUOTED_INCLUDE_IN_FRAMEWORK_HEADER = YES;
				CLANG_WARN_RANGE_LOOP_ANALYSIS = YES;
				CLANG_WARN_STRICT_PROTOTYPES = YES;
				CLANG_WARN_SUSPICIOUS_MOVE = YES;
				CLANG_WARN_UNGUARDED_AVAILABILITY = YES_AGGRESSIVE;
				CLANG_WARN_UNREACHABLE_CODE = YES;
				CLANG_WARN__DUPLICATE_METHOD_MATCH = YES;
				COPY_PHASE_STRIP = NO;
				DEBUG_INFORMATION_FORMAT = dwarf;
				ENABLE_STRICT_OBJC_MSGSEND = YES;
				ENABLE_TESTABILITY = YES;
				GCC_C_LANGUAGE_STANDARD = gnu11;
				GCC_DYNAMIC_NO_PIC = NO;
				GCC_NO_COMMON_BLOCKS = YES;
				GCC_OPTIMIZATION_LEVEL = 0;
				GCC_PREPROCESSOR_DEFINITIONS = (
					"DEBUG=1",
					"$(inherited)",
				);
				GCC_WARN_64_TO_32_BIT_CONVERSION = YES;
				GCC_WARN_ABOUT_RETURN_TYPE = YES_ERROR;
				GCC_WARN_UNDECLARED_SELECTOR = YES;
				GCC_WARN_UNINITIALIZED_AUTOS = YES_AGGRESSIVE;
				GCC_WARN_UNUSED_FUNCTION = YES;
				GCC_WARN_UNUSED_VARIABLE = YES;
				IPHONEOS_DEPLOYMENT_TARGET = 16.2;
				MTL_ENABLE_DEBUG_INFO = INCLUDE_SOURCE;
				MTL_FAST_MATH = YES;
				ONLY_ACTIVE_ARCH = YES;
				SDKROOT = iphoneos;
				SWIFT_ACTIVE_COMPILATION_CONDITIONS = DEBUG;
				SWIFT_OPTIMIZATION_LEVEL = "-Onone";
			};
			name = Debug;
		};
		E72706952999610400450B0A /* Release */ = {
			isa = XCBuildConfiguration;
			buildSettings = {
				ALWAYS_SEARCH_USER_PATHS = NO;
				CLANG_ANALYZER_NONNULL = YES;
				CLANG_ANALYZER_NUMBER_OBJECT_CONVERSION = YES_AGGRESSIVE;
				CLANG_CXX_LANGUAGE_STANDARD = "gnu++20";
				CLANG_ENABLE_MODULES = YES;
				CLANG_ENABLE_OBJC_ARC = YES;
				CLANG_ENABLE_OBJC_WEAK = YES;
				CLANG_WARN_BLOCK_CAPTURE_AUTORELEASING = YES;
				CLANG_WARN_BOOL_CONVERSION = YES;
				CLANG_WARN_COMMA = YES;
				CLANG_WARN_CONSTANT_CONVERSION = YES;
				CLANG_WARN_DEPRECATED_OBJC_IMPLEMENTATIONS = YES;
				CLANG_WARN_DIRECT_OBJC_ISA_USAGE = YES_ERROR;
				CLANG_WARN_DOCUMENTATION_COMMENTS = YES;
				CLANG_WARN_EMPTY_BODY = YES;
				CLANG_WARN_ENUM_CONVERSION = YES;
				CLANG_WARN_INFINITE_RECURSION = YES;
				CLANG_WARN_INT_CONVERSION = YES;
				CLANG_WARN_NON_LITERAL_NULL_CONVERSION = YES;
				CLANG_WARN_OBJC_IMPLICIT_RETAIN_SELF = YES;
				CLANG_WARN_OBJC_LITERAL_CONVERSION = YES;
				CLANG_WARN_OBJC_ROOT_CLASS = YES_ERROR;
				CLANG_WARN_QUOTED_INCLUDE_IN_FRAMEWORK_HEADER = YES;
				CLANG_WARN_RANGE_LOOP_ANALYSIS = YES;
				CLANG_WARN_STRICT_PROTOTYPES = YES;
				CLANG_WARN_SUSPICIOUS_MOVE = YES;
				CLANG_WARN_UNGUARDED_AVAILABILITY = YES_AGGRESSIVE;
				CLANG_WARN_UNREACHABLE_CODE = YES;
				CLANG_WARN__DUPLICATE_METHOD_MATCH = YES;
				COPY_PHASE_STRIP = NO;
				DEBUG_INFORMATION_FORMAT = "dwarf-with-dsym";
				ENABLE_NS_ASSERTIONS = NO;
				ENABLE_STRICT_OBJC_MSGSEND = YES;
				GCC_C_LANGUAGE_STANDARD = gnu11;
				GCC_NO_COMMON_BLOCKS = YES;
				GCC_WARN_64_TO_32_BIT_CONVERSION = YES;
				GCC_WARN_ABOUT_RETURN_TYPE = YES_ERROR;
				GCC_WARN_UNDECLARED_SELECTOR = YES;
				GCC_WARN_UNINITIALIZED_AUTOS = YES_AGGRESSIVE;
				GCC_WARN_UNUSED_FUNCTION = YES;
				GCC_WARN_UNUSED_VARIABLE = YES;
				IPHONEOS_DEPLOYMENT_TARGET = 16.2;
				MTL_ENABLE_DEBUG_INFO = NO;
				MTL_FAST_MATH = YES;
				SDKROOT = iphoneos;
				SWIFT_COMPILATION_MODE = wholemodule;
				SWIFT_OPTIMIZATION_LEVEL = "-O";
				VALIDATE_PRODUCT = YES;
			};
			name = Release;
		};
		E72706972999610400450B0A /* Debug */ = {
			isa = XCBuildConfiguration;
			buildSettings = {
				ASSETCATALOG_COMPILER_APPICON_NAME = AppIcon;
				ASSETCATALOG_COMPILER_GLOBAL_ACCENT_COLOR_NAME = AccentColor;
				CODE_SIGN_STYLE = Automatic;
				CURRENT_PROJECT_VERSION = 1;
				DEVELOPMENT_TEAM = 7WDCZ897WH;
				GENERATE_INFOPLIST_FILE = YES;
				INFOPLIST_FILE = TodoList/Resources/Info.plist;
				INFOPLIST_KEY_UIApplicationSupportsIndirectInputEvents = YES;
				INFOPLIST_KEY_UILaunchStoryboardName = LaunchScreen;
				INFOPLIST_KEY_UIMainStoryboardFile = Main;
				INFOPLIST_KEY_UISupportedInterfaceOrientations_iPad = "UIInterfaceOrientationPortrait UIInterfaceOrientationPortraitUpsideDown UIInterfaceOrientationLandscapeLeft UIInterfaceOrientationLandscapeRight";
				INFOPLIST_KEY_UISupportedInterfaceOrientations_iPhone = "UIInterfaceOrientationPortrait UIInterfaceOrientationLandscapeLeft UIInterfaceOrientationLandscapeRight";
				LD_RUNPATH_SEARCH_PATHS = (
					"$(inherited)",
					"@executable_path/Frameworks",
				);
				MARKETING_VERSION = 1.0;
				PRODUCT_BUNDLE_IDENTIFIER = com.chervotkina.TodoList;
				PRODUCT_NAME = "$(TARGET_NAME)";
				SWIFT_EMIT_LOC_STRINGS = YES;
				SWIFT_VERSION = 5.0;
				TARGETED_DEVICE_FAMILY = "1,2";
			};
			name = Debug;
		};
		E72706982999610400450B0A /* Release */ = {
			isa = XCBuildConfiguration;
			buildSettings = {
				ASSETCATALOG_COMPILER_APPICON_NAME = AppIcon;
				ASSETCATALOG_COMPILER_GLOBAL_ACCENT_COLOR_NAME = AccentColor;
				CODE_SIGN_STYLE = Automatic;
				CURRENT_PROJECT_VERSION = 1;
				DEVELOPMENT_TEAM = 7WDCZ897WH;
				GENERATE_INFOPLIST_FILE = YES;
				INFOPLIST_FILE = TodoList/Resources/Info.plist;
				INFOPLIST_KEY_UIApplicationSupportsIndirectInputEvents = YES;
				INFOPLIST_KEY_UILaunchStoryboardName = LaunchScreen;
				INFOPLIST_KEY_UIMainStoryboardFile = Main;
				INFOPLIST_KEY_UISupportedInterfaceOrientations_iPad = "UIInterfaceOrientationPortrait UIInterfaceOrientationPortraitUpsideDown UIInterfaceOrientationLandscapeLeft UIInterfaceOrientationLandscapeRight";
				INFOPLIST_KEY_UISupportedInterfaceOrientations_iPhone = "UIInterfaceOrientationPortrait UIInterfaceOrientationLandscapeLeft UIInterfaceOrientationLandscapeRight";
				LD_RUNPATH_SEARCH_PATHS = (
					"$(inherited)",
					"@executable_path/Frameworks",
				);
				MARKETING_VERSION = 1.0;
				PRODUCT_BUNDLE_IDENTIFIER = com.chervotkina.TodoList;
				PRODUCT_NAME = "$(TARGET_NAME)";
				SWIFT_EMIT_LOC_STRINGS = YES;
				SWIFT_VERSION = 5.0;
				TARGETED_DEVICE_FAMILY = "1,2";
			};
			name = Release;
		};
/* End XCBuildConfiguration section */

/* Begin XCConfigurationList section */
		E727067D2999610200450B0A /* Build configuration list for PBXProject "TodoList" */ = {
			isa = XCConfigurationList;
			buildConfigurations = (
				E72706942999610400450B0A /* Debug */,
				E72706952999610400450B0A /* Release */,
			);
			defaultConfigurationIsVisible = 0;
			defaultConfigurationName = Release;
		};
		E72706962999610400450B0A /* Build configuration list for PBXNativeTarget "TodoList" */ = {
			isa = XCConfigurationList;
			buildConfigurations = (
				E72706972999610400450B0A /* Debug */,
				E72706982999610400450B0A /* Release */,
			);
			defaultConfigurationIsVisible = 0;
			defaultConfigurationName = Release;
		};
/* End XCConfigurationList section */
	};
	rootObject = E727067A2999610200450B0A /* Project object */;
}
